
Microsoft Visual Studio Solution File, Format Version 12.00
# Visual Studio Version 17
VisualStudioVersion = 17.14.37111.16 d17.14
MinimumVisualStudioVersion = 10.0.40219.1
Project("{FAE04EC0-301F-11D3-BF4B-00C04F79EFBC}") = "SamsStupidFileOpener", "SamsStupidFileOpener\SamsStupidFileOpener.csproj", "{4ECC2A0D-745C-4636-A45B-004F4AD713A6}"
EndProject
Global
	GlobalSection(SolutionConfigurationPlatforms) = preSolution
		Debug|Any CPU = Debug|Any CPU
		Debug|arm64 = Debug|arm64
		Debug|x86 = Debug|x86
		Release|Any CPU = Release|Any CPU
		Release|arm64 = Release|arm64
		Release|x86 = Release|x86
	EndGlobalSection
	GlobalSection(ProjectConfigurationPlatforms) = postSolution
		{4ECC2A0D-745C-4636-A45B-004F4AD713A6}.Debug|Any CPU.ActiveCfg = Debug|Any CPU
		{4ECC2A0D-745C-4636-A45B-004F4AD713A6}.Debug|Any CPU.Build.0 = Debug|Any CPU
		{4ECC2A0D-745C-4636-A45B-004F4AD713A6}.Debug|arm64.ActiveCfg = Debug|arm64
		{4ECC2A0D-745C-4636-A45B-004F4AD713A6}.Debug|arm64.Build.0 = Debug|arm64
		{4ECC2A0D-745C-4636-A45B-004F4AD713A6}.Debug|x86.ActiveCfg = Debug|x86
		{4ECC2A0D-745C-4636-A45B-004F4AD713A6}.Debug|x86.Build.0 = Debug|x86
		{4ECC2A0D-745C-4636-A45B-004F4AD713A6}.Release|Any CPU.ActiveCfg = Release|Any CPU
		{4ECC2A0D-745C-4636-A45B-004F4AD713A6}.Release|Any CPU.Build.0 = Release|Any CPU
		{4ECC2A0D-745C-4636-A45B-004F4AD713A6}.Release|arm64.ActiveCfg = Release|arm64
		{4ECC2A0D-745C-4636-A45B-004F4AD713A6}.Release|arm64.Build.0 = Release|arm64
		{4ECC2A0D-745C-4636-A45B-004F4AD713A6}.Release|x86.ActiveCfg = Release|x86
		{4ECC2A0D-745C-4636-A45B-004F4AD713A6}.Release|x86.Build.0 = Release|x86
	EndGlobalSection
	GlobalSection(SolutionProperties) = preSolution
		HideSolutionNode = FALSE
	EndGlobalSection
	GlobalSection(ExtensibilityGlobals) = postSolution
		SolutionGuid = {A56D5D5B-E6D2-4D51-B079-51848C43615B}
	EndGlobalSection
EndGlobal
